
Microsoft Visual Studio Solution File, Format Version 12.00
# Visual Studio Version 17
VisualStudioVersion = 17.14.36221.1 d17.14
MinimumVisualStudioVersion = 10.0.40219.1
Project("{FAE04EC0-301F-11D3-BF4B-00C04F79EFBC}") = "NewTest", "NewTest\NewTest.csproj", "{08FDD0A1-CB4D-45BB-857F-B592A57D6FBD}"
EndProject
Global
	GlobalSection(SolutionConfigurationPlatforms) = preSolution
		Debug|Any CPU = Debug|Any CPU
		Release|Any CPU = Release|Any CPU
	EndGlobalSection
	GlobalSection(ProjectConfigurationPlatforms) = postSolution
		{08FDD0A1-CB4D-45BB-857F-B592A57D6FBD}.Debug|Any CPU.ActiveCfg = Debug|Any CPU
		{08FDD0A1-CB4D-45BB-857F-B592A57D6FBD}.Debug|Any CPU.Build.0 = Debug|Any CPU
		{08FDD0A1-CB4D-45BB-857F-B592A57D6FBD}.Release|Any CPU.ActiveCfg = Release|Any CPU
		{08FDD0A1-CB4D-45BB-857F-B592A57D6FBD}.Release|Any CPU.Build.0 = Release|Any CPU
	EndGlobalSection
	GlobalSection(SolutionProperties) = preSolution
		HideSolutionNode = FALSE
	EndGlobalSection
	GlobalSection(ExtensibilityGlobals) = postSolution
		SolutionGuid = {73E51A08-4D83-40EE-A06C-D87AAE6CF4F4}
	EndGlobalSection
EndGlobal
